<Solution>
  <Folder Name="/src/" />
  <Folder Name="/src/Core/">
    <Project Path="src/Core/FH.Customers.Domain/FH.Customers.Domain.csproj" />
    <Project Path="src/Core/FH.Customers.Application/FH.Customers.Application.csproj" />
  </Folder>
  <Folder Name="/src/Infrastructure/">
    <Project Path="src/Infrastructure/FH.Customers.Persistence/FH.Customers.Persistence.csproj" />
    <Project Path="src/Infrastructure/FH.Customers.Infrastructure/FH.Customers.Infrastructure.csproj" />
  </Folder>
  <Folder Name="/src/Presentation/">
    <Project Path="src/Presentation/FH.Customers.Api/FH.Customers.Api.csproj" />
  </Folder>
  <Folder Name="/tests/">
    <Project Path="tests/FH.Customers.Tests/FH.Customers.Tests.csproj" />
    <Project Path="tests/FH.CustomerPlans.Tests/FH.CustomerPlans.Tests.csproj" />
  </Folder>
</Solution>
