<Solution>
  <Folder Name="/Core/">
    <Project Path="src/Core/FH.Customer.Domain/FH.Customer.Domain.csproj" />
    <Project Path="src/Core/FH.Customer.Application/FH.Customer.Application.csproj" />
  </Folder>
  <Folder Name="/Infrastructure/">
    <Project Path="src/Infrastructure/FH.Customer.Infrastructure/FH.Customer.Infrastructure.csproj" />
  </Folder>
  <Folder Name="/Presenters/">
    <Project Path="src/Presenters/FH.Customer.Api/FH.Customer.Api.csproj" />
  </Folder>
  <Folder Name="/Tests/">
    <Project Path="tests/FH.Customer.Tests/FH.Customer.Tests.csproj" />
  </Folder>
</Solution>
